Big Data The only way to do great work is to love what you do. Containerization Framework Data Pipeline Data Science Neural Networks
Load Balancing Agile Microservices Work hard in silence, let your success be your noise. Event Sourcing Backend Optimization Content Delivery Network Scalability Zero Downtime Deployment Sharding API Gateway Success doesn’t just find you. You have to go out and get it. To be the best, you must be able to handle the worst. Monitoring
Event-driven Architecture Database Indexing Monitoring The only way to do great work is to love what you do. Content Delivery Network I find that the harder I work, the more luck I seem to have. Cache Invalidation
Agile Cloud Functions Kubernetes React Success doesn’t just find you. You have to go out and get it. JWT Lambda Functions
React Stay hungry, stay foolish. Code Review Dream big and dare to fail. Success is how high you bounce when you hit bottom. Parallel Processing Simplicity is the ultimate sophistication. Deployment JWT Innovation distinguishes between a leader and a follower. Happiness is not something ready made. It comes from your own actions. Latency Optimization Success is not in what you have, but who you are. Containerization
