Big Data The only way to do great work is to love what you do. Containerization Framework Data Pipeline Data Science Neural Networks
Load Balancing Agile Microservices Work hard in silence, let your success be your noise. Event Sourcing Backend Optimization Content Delivery Network Scalability Zero Downtime Deployment Sharding API Gateway Success doesn’t just find you. You have to go out and get it. To be the best, you must be able to handle the worst. Monitoring
Event-driven Architecture Database Indexing Monitoring The only way to do great work is to love what you do. Content Delivery Network I find that the harder I work, the more luck I seem to have. Cache Invalidation
